{
  "name": "wwwroot",
  "lockfileVersion": 3,
  "requires": true,
  "packages": {
    "": {
      "dependencies": {
        "@popperjs/core": "^2.11.6",
        "bootstrap": "^5.2.3",
        "bootstrap-icons": "^1.10.3",
        "fullcalendar": "^6.1.4",
        "jquery": "^3.6.4",
        "jquery-validation": "^1.19.5",
        "jquery-validation-unobtrusive": "^4.0.0"
      }
    },
    "node_modules/@fullcalendar/core": {
      "version": "6.1.4",
      "resolved": "https://registry.npmjs.org/@fullcalendar/core/-/core-6.1.4.tgz",
      "integrity": "sha512-ZDD0Owv0LezAk14nsRNaOc9nbowItGmT0mnjOhEw+L6B8P5eads8yYaNA9itn70MWoOjiAG8xqD7Yk1iJGxqgQ==",
      "dependencies": {
        "preact": "^10.0.5"
      }
    },
    "node_modules/@fullcalendar/daygrid": {
      "version": "6.1.4",
      "resolved": "https://registry.npmjs.org/@fullcalendar/daygrid/-/daygrid-6.1.4.tgz",
      "integrity": "sha512-X0QWEiA/hT8GYiQzmXt9DlZTWaQbNtBHBXGtaMNcVXbGHDCzLoWTHrde/jABGfr/i2+d9sLUO4oTtwz2HVpNtQ==",
      "peerDependencies": {
        "@fullcalendar/core": "~6.1.4"
      }
    },
    "node_modules/@fullcalendar/interaction": {
      "version": "6.1.4",
      "resolved": "https://registry.npmjs.org/@fullcalendar/interaction/-/interaction-6.1.4.tgz",
      "integrity": "sha512-69G2B61bPiHy7VyTDiwU9l8yRHPUK9XxNxjIdm3N0nvWR6BaUIBDQe8dIWht+IZUf9qirFhnfcLWkRI0fOTWtw==",
      "peerDependencies": {
        "@fullcalendar/core": "~6.1.4"
      }
    },
    "node_modules/@fullcalendar/list": {
      "version": "6.1.4",
      "resolved": "https://registry.npmjs.org/@fullcalendar/list/-/list-6.1.4.tgz",
      "integrity": "sha512-RY2fE9J7ckzhKtvHOWhlI2FnVEBC4Z9ZlgRBE2nQekX2+THt+3KnZtOQxuYGnGi30NBKx794YsXeIc6/Lnl0Ww==",
      "peerDependencies": {
        "@fullcalendar/core": "~6.1.4"
      }
    },
    "node_modules/@fullcalendar/multimonth": {
      "version": "6.1.4",
      "resolved": "https://registry.npmjs.org/@fullcalendar/multimonth/-/multimonth-6.1.4.tgz",
      "integrity": "sha512-bljwyIER4APKTpKF/M8u0BkMDbYDKVkSszCSg1VIX9uVTPpAbzlStqiMAwT+zoOPvoQ8Hsn+yuCFFKKbfUwAFw==",
      "dependencies": {
        "@fullcalendar/daygrid": "~6.1.4"
      },
      "peerDependencies": {
        "@fullcalendar/core": "~6.1.4"
      }
    },
    "node_modules/@fullcalendar/timegrid": {
      "version": "6.1.4",
      "resolved": "https://registry.npmjs.org/@fullcalendar/timegrid/-/timegrid-6.1.4.tgz",
      "integrity": "sha512-B2/levLKW0CyDQru75JeuASpCZml5W8sINCwVTstxxhjKmNBG3F5qvSX12DDrTdga/ySYObNNP1pKDwavKk/JQ==",
      "dependencies": {
        "@fullcalendar/daygrid": "~6.1.4"
      },
      "peerDependencies": {
        "@fullcalendar/core": "~6.1.4"
      }
    },
    "node_modules/@popperjs/core": {
      "version": "2.11.6",
      "resolved": "https://registry.npmjs.org/@popperjs/core/-/core-2.11.6.tgz",
      "integrity": "sha512-50/17A98tWUfQ176raKiOGXuYpLyyVMkxxG6oylzL3BPOlA6ADGdK7EYunSa4I064xerltq9TGXs8HmOk5E+vw==",
      "funding": {
        "type": "opencollective",
        "url": "https://opencollective.com/popperjs"
      }
    },
    "node_modules/bootstrap": {
      "version": "5.2.3",
      "resolved": "https://registry.npmjs.org/bootstrap/-/bootstrap-5.2.3.tgz",
      "integrity": "sha512-cEKPM+fwb3cT8NzQZYEu4HilJ3anCrWqh3CHAok1p9jXqMPsPTBhU25fBckEJHJ/p+tTxTFTsFQGM+gaHpi3QQ==",
      "funding": [
        {
          "type": "github",
          "url": "https://github.com/sponsors/twbs"
        },
        {
          "type": "opencollective",
          "url": "https://opencollective.com/bootstrap"
        }
      ],
      "peerDependencies": {
        "@popperjs/core": "^2.11.6"
      }
    },
    "node_modules/bootstrap-icons": {
      "version": "1.10.3",
      "resolved": "https://registry.npmjs.org/bootstrap-icons/-/bootstrap-icons-1.10.3.tgz",
      "integrity": "sha512-7Qvj0j0idEm/DdX9Q0CpxAnJYqBCFCiUI6qzSPYfERMcokVuV9Mdm/AJiVZI8+Gawe4h/l6zFcOzvV7oXCZArw=="
    },
    "node_modules/fullcalendar": {
      "version": "6.1.4",
      "resolved": "https://registry.npmjs.org/fullcalendar/-/fullcalendar-6.1.4.tgz",
      "integrity": "sha512-XAgWTauifC8HKkbN8574wEWwWCgzcgMfjkxyvK1V5D0Q/HKldZlYuvOSrI0JKkzIXtufurx9IN+QljVQkAvg+A==",
      "dependencies": {
        "@fullcalendar/core": "~6.1.4",
        "@fullcalendar/daygrid": "~6.1.4",
        "@fullcalendar/interaction": "~6.1.4",
        "@fullcalendar/list": "~6.1.4",
        "@fullcalendar/multimonth": "~6.1.4",
        "@fullcalendar/timegrid": "~6.1.4"
      }
    },
    "node_modules/jquery": {
      "version": "3.6.4",
      "resolved": "https://registry.npmjs.org/jquery/-/jquery-3.6.4.tgz",
      "integrity": "sha512-v28EW9DWDFpzcD9O5iyJXg3R3+q+mET5JhnjJzQUZMHOv67bpSIHq81GEYpPNZHG+XXHsfSme3nxp/hndKEcsQ=="
    },
    "node_modules/jquery-validation": {
      "version": "1.19.5",
      "resolved": "https://registry.npmjs.org/jquery-validation/-/jquery-validation-1.19.5.tgz",
      "integrity": "sha512-X2SmnPq1mRiDecVYL8edWx+yTBZDyC8ohWXFhXdtqFHgU9Wd4KHkvcbCoIZ0JaSaumzS8s2gXSkP8F7ivg/8ZQ==",
      "peerDependencies": {
        "jquery": "^1.7 || ^2.0 || ^3.1"
      }
    },
    "node_modules/jquery-validation-unobtrusive": {
      "version": "4.0.0",
      "resolved": "https://registry.npmjs.org/jquery-validation-unobtrusive/-/jquery-validation-unobtrusive-4.0.0.tgz",
      "integrity": "sha512-1ervYFFv6LX/rp7ktuLnMakHNG0piNRDyROI8Ir3hL1vPIwylAehB1AY3BPrYJnzW3WmwWryZq+Bz4sazZK9iQ==",
      "dependencies": {
        "jquery": "^3.6.0",
        "jquery-validation": ">=1.19"
      }
    },
    "node_modules/preact": {
      "version": "10.13.1",
      "resolved": "https://registry.npmjs.org/preact/-/preact-10.13.1.tgz",
      "integrity": "sha512-KyoXVDU5OqTpG9LXlB3+y639JAGzl8JSBXLn1J9HTSB3gbKcuInga7bZnXLlxmK94ntTs1EFeZp0lrja2AuBYQ==",
      "funding": {
        "type": "opencollective",
        "url": "https://opencollective.com/preact"
      }
    }
  }
}
